
Microsoft Visual Studio Solution File, Format Version 12.00
# Visual Studio Express 2013 for Windows Desktop
VisualStudioVersion = 12.0.21005.1
MinimumVisualStudioVersion = 10.0.40219.1
Project("{FAE04EC0-301F-11D3-BF4B-00C04F79EFBC}") = "LoLTimersConsole", "LoLTimersConsole\LoLTimersConsole.csproj", "{11A0B5B1-8E50-4544-B15F-6AD5FA200D44}"
	ProjectSection(ProjectDependencies) = postProject
		{2D45DCF9-9A3C-49D9-A494-4AB06BED8CCE} = {2D45DCF9-9A3C-49D9-A494-4AB06BED8CCE}
	EndProjectSection
EndProject
Project("{FAE04EC0-301F-11D3-BF4B-00C04F79EFBC}") = "WindowsFormOverlay", "WindowsFormOverlay\WindowsFormOverlay.csproj", "{223076F9-7EEA-4D5E-AF4D-FCD5F86D4B76}"
	ProjectSection(ProjectDependencies) = postProject
		{2D45DCF9-9A3C-49D9-A494-4AB06BED8CCE} = {2D45DCF9-9A3C-49D9-A494-4AB06BED8CCE}
	EndProjectSection
EndProject
Project("{FAE04EC0-301F-11D3-BF4B-00C04F79EFBC}") = "LoLTimers", "LoLTimers\LoLTimers.csproj", "{2D45DCF9-9A3C-49D9-A494-4AB06BED8CCE}"
EndProject
Global
	GlobalSection(SolutionConfigurationPlatforms) = preSolution
		Debug|Any CPU = Debug|Any CPU
		Release|Any CPU = Release|Any CPU
	EndGlobalSection
	GlobalSection(ProjectConfigurationPlatforms) = postSolution
		{11A0B5B1-8E50-4544-B15F-6AD5FA200D44}.Debug|Any CPU.ActiveCfg = Debug|Any CPU
		{11A0B5B1-8E50-4544-B15F-6AD5FA200D44}.Debug|Any CPU.Build.0 = Debug|Any CPU
		{11A0B5B1-8E50-4544-B15F-6AD5FA200D44}.Release|Any CPU.ActiveCfg = Release|Any CPU
		{11A0B5B1-8E50-4544-B15F-6AD5FA200D44}.Release|Any CPU.Build.0 = Release|Any CPU
		{223076F9-7EEA-4D5E-AF4D-FCD5F86D4B76}.Debug|Any CPU.ActiveCfg = Debug|Any CPU
		{223076F9-7EEA-4D5E-AF4D-FCD5F86D4B76}.Debug|Any CPU.Build.0 = Debug|Any CPU
		{223076F9-7EEA-4D5E-AF4D-FCD5F86D4B76}.Release|Any CPU.ActiveCfg = Release|Any CPU
		{223076F9-7EEA-4D5E-AF4D-FCD5F86D4B76}.Release|Any CPU.Build.0 = Release|Any CPU
		{2D45DCF9-9A3C-49D9-A494-4AB06BED8CCE}.Debug|Any CPU.ActiveCfg = Debug|Any CPU
		{2D45DCF9-9A3C-49D9-A494-4AB06BED8CCE}.Debug|Any CPU.Build.0 = Debug|Any CPU
		{2D45DCF9-9A3C-49D9-A494-4AB06BED8CCE}.Release|Any CPU.ActiveCfg = Release|Any CPU
		{2D45DCF9-9A3C-49D9-A494-4AB06BED8CCE}.Release|Any CPU.Build.0 = Release|Any CPU
	EndGlobalSection
	GlobalSection(SolutionProperties) = preSolution
		HideSolutionNode = FALSE
	EndGlobalSection
EndGlobal
